{
  "name": "archie-private-runtime",
  "lockfileVersion": 3,
  "packages": {
    "": {
      "name": "archie-private-runtime"
    },
    "node_modules/@archie/runtime": {
      "version": "0.1.0-private.0",
      "resolved": "file:npm/archie-runtime.tgz",
      "integrity": "sha512-4JamVqt7w4oOeKBUUfkKu0RuRG1pcIaXjWfdDPBKwmePQy9/fDvIb91xWSAyzUxaukPF0oLw3FbKr+1j9ykSDw=="
    }
  }
}
