{
  "name": "archie-private-runtime",
  "lockfileVersion": 3,
  "packages": {
    "": {
      "name": "archie-private-runtime"
    },
    "node_modules/@archie/runtime": {
      "version": "0.1.0-private.0",
      "resolved": "file:npm/archie-runtime.tgz",
      "integrity": "sha512-idjPECxJY3dLDU0MBt0wwOfNDIvHS0140yWb16SQzWjtiP804IVq09pfsxMbGB1/0BlOISgdJUhnmxcGlWiQhg=="
    }
  }
}
