lockfile_version: '1'
generated_at: '2026-09-05T05:19:31.501289+00:00'
apm_version: 0.29.0
dependencies: []
deployments:
- kind: project-relative
  target: agents
  value: .agents/skills/archie
  runtime: null
  scope: project
  owners:
  - .
  active_owner: .
  content_hash: null
- kind: project-relative
  target: agents
  value: .agents/skills/archie/SKILL.md
  runtime: null
  scope: project
  owners:
  - .
  active_owner: .
  content_hash: sha256:f712ed4fe75be0ad4e50f78667a60f27ae39c32ef4668580620987dce73aec0a
- kind: project-relative
  target: agents
  value: .agents/skills/archie/references/capability-catalog.md
  runtime: null
  scope: project
  owners:
  - .
  active_owner: .
  content_hash: sha256:58bf0e6950dc82241b94f8701ef032ed6d44772a7f59a40e130939d2af5afa94
- kind: project-relative
  target: agents
  value: .agents/skills/archie/references/drift-detection.md
  runtime: null
  scope: project
  owners:
  - .
  active_owner: .
  content_hash: sha256:04f8030956dd23ab8a4fa9e02a8ecc84732a84aa200183f6b96f5f33a24a5214
- kind: project-relative
  target: agents
  value: .agents/skills/archie/references/operating-contract.md
  runtime: null
  scope: project
  owners:
  - .
  active_owner: .
  content_hash: sha256:6d3b47cd940568e00f87f588e54c5f3c6e4ef81dcd4895bd36ebd85adbb0ee7b
- kind: project-relative
  target: agents
  value: .agents/skills/archie/scripts/dispatch-runtime.mjs
  runtime: null
  scope: project
  owners:
  - .
  active_owner: .
  content_hash: sha256:0dc39b5e84bdad2d3b86d5d080e4354a4f05dc40fda95136bdf1e3867457fd2c
- kind: project-relative
  target: agents
  value: .agents/skills/architecture-assessment
  runtime: null
  scope: project
  owners:
  - .
  active_owner: .
  content_hash: null
- kind: project-relative
  target: agents
  value: .agents/skills/architecture-assessment/SKILL.md
  runtime: null
  scope: project
  owners:
  - .
  active_owner: .
  content_hash: sha256:15ec3ef7f4e1538cb63a99a6c3b093161a7ebdfd257a9e4eaa3586bfc76a4578
- kind: project-relative
  target: agents
  value: .agents/skills/architecture-assessment/references/artifact-contract.md
  runtime: null
  scope: project
  owners:
  - .
  active_owner: .
  content_hash: sha256:875b24afd32d09805771333a0c593b70a7beb630014ef7362f248b2966d6c13a
- kind: project-relative
  target: agents
  value: .agents/skills/architecture-assessment/references/assessment-lenses.md
  runtime: null
  scope: project
  owners:
  - .
  active_owner: .
  content_hash: sha256:a6db4f407ebc2fdeea926b0663772ab7954bdcee38e82bcac64557c70f4a5d89
- kind: project-relative
  target: agents
  value: .agents/skills/architecture-assessment/references/evaluation.md
  runtime: null
  scope: project
  owners:
  - .
  active_owner: .
  content_hash: sha256:bdedd3615e509c0b53ed73739370e528dcc2f12d32d2750bfc2d60d3639e2198
- kind: project-relative
  target: agents
  value: .agents/skills/architecture-assessment/references/fact-model.md
  runtime: null
  scope: project
  owners:
  - .
  active_owner: .
  content_hash: sha256:d90ef65aa63cfb2cac4c66c40c4169336ba4f56650c6f7f2be615f0c4f77bf58
- kind: project-relative
  target: agents
  value: .agents/skills/architecture-assessment/schemas/architecture-model.schema.json
  runtime: null
  scope: project
  owners:
  - .
  active_owner: .
  content_hash: sha256:5183fccba326c706361ffaadf39885f7ec30d2ac9569ec6f7d8d47ca612a04d1
- kind: project-relative
  target: agents
  value: .agents/skills/architecture-assessment/scripts/check-assessment.mjs
  runtime: null
  scope: project
  owners:
  - .
  active_owner: .
  content_hash: sha256:7b2a92d98aebcd604acd607674e11f954b202323310576551866248963c4d1c7
- kind: project-relative
  target: agents
  value: .agents/skills/architecture-assessment/scripts/check-model.mjs
  runtime: null
  scope: project
  owners:
  - .
  active_owner: .
  content_hash: sha256:7d2edff5ae19a9084bb94f59de9f7bca4bc69ba7ae21d7f2233162d37a632a31
- kind: project-relative
  target: agents
  value: .agents/skills/architecture-assessment/templates/architecture-model.json
  runtime: null
  scope: project
  owners:
  - .
  active_owner: .
  content_hash: sha256:1650b4d5097dcd78db793854cdc4eeab2d6306342d12ec3755abb2b16109c9f6
- kind: project-relative
  target: agents
  value: .agents/skills/architecture-assessment/templates/assessment.md
  runtime: null
  scope: project
  owners:
  - .
  active_owner: .
  content_hash: sha256:caeac2c44d635833111655907de12b4658619fc7fa4b6309d1f177dbe34eda0e
- kind: project-relative
  target: agents
  value: .agents/skills/architecture-assessment/templates/evolution.md
  runtime: null
  scope: project
  owners:
  - .
  active_owner: .
  content_hash: sha256:392a120a38c73ebf84e31a50662ac66e230c3828da8256e97c56964481c37ead
- kind: project-relative
  target: agents
  value: .agents/skills/architecture-assessment/templates/flows.md
  runtime: null
  scope: project
  owners:
  - .
  active_owner: .
  content_hash: sha256:686806d7a25ed454b72212a9b25971ec2a498ecc7aeed4c2bd5c656ace1febde
- kind: project-relative
  target: agents
  value: .agents/skills/architecture-assessment/templates/inventory.md
  runtime: null
  scope: project
  owners:
  - .
  active_owner: .
  content_hash: sha256:9884119c3a3233f05ed2ec188edfa05e01e52e67f4e46eb85bbf26c1dfa689e5
- kind: project-relative
  target: agents
  value: .agents/skills/architecture-conformance-onboarding
  runtime: null
  scope: project
  owners:
  - .
  active_owner: .
  content_hash: null
- kind: project-relative
  target: agents
  value: .agents/skills/architecture-conformance-onboarding/SKILL.md
  runtime: null
  scope: project
  owners:
  - .
  active_owner: .
  content_hash: sha256:358c26afd1c5f55764871c4cf86f338d10c3f2d749d182f931ddf87d95861c46
- kind: project-relative
  target: agents
  value: .agents/skills/architecture-contracts
  runtime: null
  scope: project
  owners:
  - .
  active_owner: .
  content_hash: null
- kind: project-relative
  target: agents
  value: .agents/skills/architecture-contracts/SKILL.md
  runtime: null
  scope: project
  owners:
  - .
  active_owner: .
  content_hash: sha256:a7970fb0020e962c4d4cd9df726a227e78aec57ec496dea36729a7443cb6a37e
- kind: project-relative
  target: agents
  value: .agents/skills/architecture-docs
  runtime: null
  scope: project
  owners:
  - .
  active_owner: .
  content_hash: null
- kind: project-relative
  target: agents
  value: .agents/skills/architecture-docs/SKILL.md
  runtime: null
  scope: project
  owners:
  - .
  active_owner: .
  content_hash: sha256:0877c385f73f6c6ccc471b584ab2a1a61078e9b88e1e052d025ca481f8897cd1
- kind: project-relative
  target: agents
  value: .agents/skills/architecture-docs/package-commands.md
  runtime: null
  scope: project
  owners:
  - .
  active_owner: .
  content_hash: sha256:b1138b2655b35cbaa53307e838c7df767b2a759b3aa980a1b44d51532b17b2b0
- kind: project-relative
  target: agents
  value: .agents/skills/likec4-authoring
  runtime: null
  scope: project
  owners:
  - .
  active_owner: .
  content_hash: null
- kind: project-relative
  target: agents
  value: .agents/skills/likec4-authoring/SKILL.md
  runtime: null
  scope: project
  owners:
  - .
  active_owner: .
  content_hash: sha256:2b0689a74688f0fabefcf51715b7c38a826a51425d04eee7aa95585e865b1dea
- kind: project-relative
  target: agents
  value: .agents/skills/likec4-authoring/c4-method.md
  runtime: null
  scope: project
  owners:
  - .
  active_owner: .
  content_hash: sha256:6227f58f9d04e4997985049c712a9aaa689c8c5c09aab7f378205ce9aaeb724b
- kind: project-relative
  target: agents
  value: .agents/skills/likec4-authoring/diagram-review-checklist.md
  runtime: null
  scope: project
  owners:
  - .
  active_owner: .
  content_hash: sha256:9684aa1ba8809f1318f2fe3c3fc8cf22ef7f6d9a91c54cb57b741fec6f088670
- kind: project-relative
  target: agents
  value: .agents/skills/likec4-authoring/likec4-reference.md
  runtime: null
  scope: project
  owners:
  - .
  active_owner: .
  content_hash: sha256:f706748ae27640015fd369b5245be02e1c32a0594a3e894db63f9f312f2a9bbc
local_deployed_files:
- .agents/skills/archie
- .agents/skills/archie/SKILL.md
- .agents/skills/archie/references/capability-catalog.md
- .agents/skills/archie/references/drift-detection.md
- .agents/skills/archie/references/operating-contract.md
- .agents/skills/archie/scripts/dispatch-runtime.mjs
- .agents/skills/architecture-assessment
- .agents/skills/architecture-assessment/SKILL.md
- .agents/skills/architecture-assessment/references/artifact-contract.md
- .agents/skills/architecture-assessment/references/assessment-lenses.md
- .agents/skills/architecture-assessment/references/evaluation.md
- .agents/skills/architecture-assessment/references/fact-model.md
- .agents/skills/architecture-assessment/schemas/architecture-model.schema.json
- .agents/skills/architecture-assessment/scripts/check-assessment.mjs
- .agents/skills/architecture-assessment/scripts/check-model.mjs
- .agents/skills/architecture-assessment/templates/architecture-model.json
- .agents/skills/architecture-assessment/templates/assessment.md
- .agents/skills/architecture-assessment/templates/evolution.md
- .agents/skills/architecture-assessment/templates/flows.md
- .agents/skills/architecture-assessment/templates/inventory.md
- .agents/skills/architecture-conformance-onboarding
- .agents/skills/architecture-conformance-onboarding/SKILL.md
- .agents/skills/architecture-contracts
- .agents/skills/architecture-contracts/SKILL.md
- .agents/skills/architecture-docs
- .agents/skills/architecture-docs/SKILL.md
- .agents/skills/architecture-docs/package-commands.md
- .agents/skills/likec4-authoring
- .agents/skills/likec4-authoring/SKILL.md
- .agents/skills/likec4-authoring/c4-method.md
- .agents/skills/likec4-authoring/diagram-review-checklist.md
- .agents/skills/likec4-authoring/likec4-reference.md
local_deployed_file_hashes:
  .agents/skills/archie/SKILL.md: sha256:f712ed4fe75be0ad4e50f78667a60f27ae39c32ef4668580620987dce73aec0a
  .agents/skills/archie/references/capability-catalog.md: sha256:58bf0e6950dc82241b94f8701ef032ed6d44772a7f59a40e130939d2af5afa94
  .agents/skills/archie/references/drift-detection.md: sha256:04f8030956dd23ab8a4fa9e02a8ecc84732a84aa200183f6b96f5f33a24a5214
  .agents/skills/archie/references/operating-contract.md: sha256:6d3b47cd940568e00f87f588e54c5f3c6e4ef81dcd4895bd36ebd85adbb0ee7b
  .agents/skills/archie/scripts/dispatch-runtime.mjs: sha256:0dc39b5e84bdad2d3b86d5d080e4354a4f05dc40fda95136bdf1e3867457fd2c
  .agents/skills/architecture-assessment/SKILL.md: sha256:15ec3ef7f4e1538cb63a99a6c3b093161a7ebdfd257a9e4eaa3586bfc76a4578
  .agents/skills/architecture-assessment/references/artifact-contract.md: sha256:875b24afd32d09805771333a0c593b70a7beb630014ef7362f248b2966d6c13a
  .agents/skills/architecture-assessment/references/assessment-lenses.md: sha256:a6db4f407ebc2fdeea926b0663772ab7954bdcee38e82bcac64557c70f4a5d89
  .agents/skills/architecture-assessment/references/evaluation.md: sha256:bdedd3615e509c0b53ed73739370e528dcc2f12d32d2750bfc2d60d3639e2198
  .agents/skills/architecture-assessment/references/fact-model.md: sha256:d90ef65aa63cfb2cac4c66c40c4169336ba4f56650c6f7f2be615f0c4f77bf58
  .agents/skills/architecture-assessment/schemas/architecture-model.schema.json: sha256:5183fccba326c706361ffaadf39885f7ec30d2ac9569ec6f7d8d47ca612a04d1
  .agents/skills/architecture-assessment/scripts/check-assessment.mjs: sha256:7b2a92d98aebcd604acd607674e11f954b202323310576551866248963c4d1c7
  .agents/skills/architecture-assessment/scripts/check-model.mjs: sha256:7d2edff5ae19a9084bb94f59de9f7bca4bc69ba7ae21d7f2233162d37a632a31
  .agents/skills/architecture-assessment/templates/architecture-model.json: sha256:1650b4d5097dcd78db793854cdc4eeab2d6306342d12ec3755abb2b16109c9f6
  .agents/skills/architecture-assessment/templates/assessment.md: sha256:caeac2c44d635833111655907de12b4658619fc7fa4b6309d1f177dbe34eda0e
  .agents/skills/architecture-assessment/templates/evolution.md: sha256:392a120a38c73ebf84e31a50662ac66e230c3828da8256e97c56964481c37ead
  .agents/skills/architecture-assessment/templates/flows.md: sha256:686806d7a25ed454b72212a9b25971ec2a498ecc7aeed4c2bd5c656ace1febde
  .agents/skills/architecture-assessment/templates/inventory.md: sha256:9884119c3a3233f05ed2ec188edfa05e01e52e67f4e46eb85bbf26c1dfa689e5
  .agents/skills/architecture-conformance-onboarding/SKILL.md: sha256:358c26afd1c5f55764871c4cf86f338d10c3f2d749d182f931ddf87d95861c46
  .agents/skills/architecture-contracts/SKILL.md: sha256:a7970fb0020e962c4d4cd9df726a227e78aec57ec496dea36729a7443cb6a37e
  .agents/skills/architecture-docs/SKILL.md: sha256:0877c385f73f6c6ccc471b584ab2a1a61078e9b88e1e052d025ca481f8897cd1
  .agents/skills/architecture-docs/package-commands.md: sha256:b1138b2655b35cbaa53307e838c7df767b2a759b3aa980a1b44d51532b17b2b0
  .agents/skills/likec4-authoring/SKILL.md: sha256:2b0689a74688f0fabefcf51715b7c38a826a51425d04eee7aa95585e865b1dea
  .agents/skills/likec4-authoring/c4-method.md: sha256:6227f58f9d04e4997985049c712a9aaa689c8c5c09aab7f378205ce9aaeb724b
  .agents/skills/likec4-authoring/diagram-review-checklist.md: sha256:9684aa1ba8809f1318f2fe3c3fc8cf22ef7f6d9a91c54cb57b741fec6f088670
  .agents/skills/likec4-authoring/likec4-reference.md: sha256:f706748ae27640015fd369b5245be02e1c32a0594a3e894db63f9f312f2a9bbc
